{"version":4,"terraform_version":"1.11.5","serial":3,"lineage":"403f164a-1565-9686-2bcd-8627242ab114","outputs":{},"resources":[{"mode":"managed","type":"openstack_compute_instance_v2","name":"main","provider":"provider[\"registry.opentofu.org/terraform-provider-openstack/openstack\"]","instances":[{"schema_version":0,"attributes":{"access_ip_v4":"141.94.213.253","access_ip_v6":"[2001:41d0:304:400::3834]","admin_pass":null,"all_metadata":{},"all_tags":[],"availability_zone":"nova","availability_zone_hints":null,"block_device":[],"config_drive":null,"created":"2026-02-23 13:43:42 +0000 UTC","flavor_id":"fbb7940b-4268-437c-85f8-8c27fcef0dcd","flavor_name":"d2-2","floating_ip":null,"force_delete":false,"id":"cc2a7ee8-3dff-4021-9748-ec7835fa1519","image_id":"8d595649-b9b2-4aeb-a544-a3709abf437f","image_name":"Ubuntu 24.04","key_pair":"my-keypair-wisdom","metadata":null,"name":"iac-wisdom-vm","network":[{"access_network":false,"fixed_ip_v4":"141.94.213.253","fixed_ip_v6":"[2001:41d0:304:400::3834]","floating_ip":"","mac":"fa:16:3e:99:33:22","name":"Ext-Net","port":"","uuid":"b2c02fdc-ffdf-40f6-9722-533bd7058c06"}],"network_mode":null,"personality":[],"power_state":"active","region":"GRA9","scheduler_hints":[],"security_groups":["default"],"stop_before_destroy":false,"tags":null,"timeouts":null,"updated":"2026-02-23 13:44:28 +0000 UTC","user_data":null,"vendor_options":[],"volume":[]},"sensitive_attributes":[[{"type":"get_attr","value":"admin_pass"}]],"private":"eyJlMmJmYjczMC1lY2FhLTExZTYtOGY4OC0zNDM2M2JjN2M0YzAiOnsiY3JlYXRlIjoxODAwMDAwMDAwMDAwLCJkZWxldGUiOjE4MDAwMDAwMDAwMDAsInVwZGF0ZSI6MTgwMDAwMDAwMDAwMH19","dependencies":["openstack_compute_keypair_v2.main"]}]},{"mode":"managed","type":"openstack_compute_keypair_v2","name":"main","provider":"provider[\"registry.opentofu.org/terraform-provider-openstack/openstack\"]","instances":[{"schema_version":0,"attributes":{"fingerprint":"a3:48:e2:ec:b7:7e:42:f1:79:d6:60:13:75:1d:97:40","id":"my-keypair-wisdom","name":"my-keypair-wisdom","private_key":"","public_key":"ssh-rsa AAAAB3NzaC1yc2EAAAADAQABAAABAQC2KqdabiobgnsWNKFK6kFicDYjCLVo4RAMss4b3Vi5iKu2gpoqZlnIAYkOLMXgp2SuaxR7eQ7b1Wzelru6DONQbVSY9CmVNVAXmFXuc7OLvsZRoOzKTlB1pnPiCmx91xpio9N7ouPxPIdjG6aAebf+h7OgtZBvMzr5dJoibkdcvfGnWckbMvYk6ibcI01/ut/oXqmyKE4jQFaJWMWHqcuyJva9v+WhzXO/LcrRw1HpvpZRbGD0UbnwgdPIj00ntpHbSBN6uMaVlYczfzOSWWBr2Y6Ml6wdUtjSx0cupymdcddKnUsQlRrnJ41Pz1G6mDWYol4cY1HMAE3/LCemkcIL ssh-key-2026-02-19","region":"GRA9","user_id":"","value_specs":null},"sensitive_attributes":[[{"type":"get_attr","value":"private_key"}]],"private":"bnVsbA=="}]}],"check_results":null}
